
Microsoft Visual Studio Solution File, Format Version 12.00
# Visual Studio 2013
VisualStudioVersion = 12.0.31101.0
MinimumVisualStudioVersion = 10.0.40219.1
Project("{2150E333-8FDC-42A3-9474-1A3956D46DE8}") = "0 - Domain", "0 - Domain", "{F4142784-823C-4D23-876E-E9D3C9159D22}"
EndProject
Project("{FAE04EC0-301F-11D3-BF4B-00C04F79EFBC}") = "SistemaDeChamados.Domain", "SistemaDeChamados.Domain\SistemaDeChamados.Domain.csproj", "{BC845599-9683-431A-92DB-7A6B729E8614}"
EndProject
Project("{2150E333-8FDC-42A3-9474-1A3956D46DE8}") = "1 - Infrastructure", "1 - Infrastructure", "{4F3258A6-AB1F-43CC-892A-626CBA01BE42}"
EndProject
Project("{2150E333-8FDC-42A3-9474-1A3956D46DE8}") = "2 - Services", "2 - Services", "{72196AC8-7BE6-4DD7-A5A1-A74EA96A3B8C}"
EndProject
Project("{2150E333-8FDC-42A3-9474-1A3956D46DE8}") = "3 - Application", "3 - Application", "{945E62D1-DAA0-4E81-80C1-DA0A25C8999B}"
EndProject
Project("{2150E333-8FDC-42A3-9474-1A3956D46DE8}") = "4 - Presentation", "4 - Presentation", "{F8478D30-1C31-4966-8556-E91A6B3F3064}"
EndProject
Project("{FAE04EC0-301F-11D3-BF4B-00C04F79EFBC}") = "SistemaDeChamados.Domain.Tests", "SistemaDeChamados.Domain.Tests\SistemaDeChamados.Domain.Tests.csproj", "{AC2603AC-92EA-46E6-8974-3C16ECF06A22}"
EndProject
Project("{FAE04EC0-301F-11D3-BF4B-00C04F79EFBC}") = "SistemaDeChamados.Infra.Data", "SistemaDeChamados.Infra.Data\SistemaDeChamados.Infra.Data.csproj", "{DDB3EBB0-579D-44BC-A335-683D2B5B4F69}"
EndProject
Project("{2150E333-8FDC-42A3-9474-1A3956D46DE8}") = "1.1 - Data", "1.1 - Data", "{652B6229-007F-4173-A89A-7F6BB70ABBE1}"
EndProject
Project("{2150E333-8FDC-42A3-9474-1A3956D46DE8}") = "4.1 - Web", "4.1 - Web", "{435C984E-F859-4C28-BE4C-15939A1AF38E}"
EndProject
Project("{FAE04EC0-301F-11D3-BF4B-00C04F79EFBC}") = "SistemaDeChamados.Web.Tests", "SistemaDeChamados.Web.Tests\SistemaDeChamados.Web.Tests.csproj", "{7237A2B3-2233-43EA-982E-E97E555F4540}"
EndProject
Project("{FAE04EC0-301F-11D3-BF4B-00C04F79EFBC}") = "SistemaDeChamados.Application", "SistemaDeChamados.Application\SistemaDeChamados.Application.csproj", "{5345F065-CB59-42C2-B9D0-38E903C107D8}"
EndProject
Project("{FAE04EC0-301F-11D3-BF4B-00C04F79EFBC}") = "SistemaDeChamados.Web", "SistemaDeChamados.Web\SistemaDeChamados.Web.csproj", "{F313525A-E407-450A-A7C6-697276099544}"
EndProject
Project("{2150E333-8FDC-42A3-9474-1A3956D46DE8}") = ".nuget", ".nuget", "{FD9813B2-D2F6-404B-8664-1B857238E170}"
	ProjectSection(SolutionItems) = preProject
		.nuget\NuGet.Config = .nuget\NuGet.Config
		.nuget\NuGet.exe = .nuget\NuGet.exe
		.nuget\NuGet.targets = .nuget\NuGet.targets
	EndProjectSection
EndProject
Project("{2150E333-8FDC-42A3-9474-1A3956D46DE8}") = "1.2 - CrossCutting", "1.2 - CrossCutting", "{4567FA5E-2A5E-4283-B59D-81526CB61D61}"
EndProject
Project("{FAE04EC0-301F-11D3-BF4B-00C04F79EFBC}") = "SistemaDeChamados.Infra.CrossCuting.IoC", "SistemaDeChamados.Infra.CrossCuting.IoC\SistemaDeChamados.Infra.CrossCuting.IoC.csproj", "{2D41C7A2-CFB8-4848-AA7F-35AD6B259BD0}"
EndProject
Global
	GlobalSection(SolutionConfigurationPlatforms) = preSolution
		Debug|Any CPU = Debug|Any CPU
		Release|Any CPU = Release|Any CPU
	EndGlobalSection
	GlobalSection(ProjectConfigurationPlatforms) = postSolution
		{BC845599-9683-431A-92DB-7A6B729E8614}.Debug|Any CPU.ActiveCfg = Debug|Any CPU
		{BC845599-9683-431A-92DB-7A6B729E8614}.Debug|Any CPU.Build.0 = Debug|Any CPU
		{BC845599-9683-431A-92DB-7A6B729E8614}.Release|Any CPU.ActiveCfg = Release|Any CPU
		{BC845599-9683-431A-92DB-7A6B729E8614}.Release|Any CPU.Build.0 = Release|Any CPU
		{AC2603AC-92EA-46E6-8974-3C16ECF06A22}.Debug|Any CPU.ActiveCfg = Debug|Any CPU
		{AC2603AC-92EA-46E6-8974-3C16ECF06A22}.Debug|Any CPU.Build.0 = Debug|Any CPU
		{AC2603AC-92EA-46E6-8974-3C16ECF06A22}.Release|Any CPU.ActiveCfg = Release|Any CPU
		{AC2603AC-92EA-46E6-8974-3C16ECF06A22}.Release|Any CPU.Build.0 = Release|Any CPU
		{DDB3EBB0-579D-44BC-A335-683D2B5B4F69}.Debug|Any CPU.ActiveCfg = Debug|Any CPU
		{DDB3EBB0-579D-44BC-A335-683D2B5B4F69}.Debug|Any CPU.Build.0 = Debug|Any CPU
		{DDB3EBB0-579D-44BC-A335-683D2B5B4F69}.Release|Any CPU.ActiveCfg = Release|Any CPU
		{DDB3EBB0-579D-44BC-A335-683D2B5B4F69}.Release|Any CPU.Build.0 = Release|Any CPU
		{7237A2B3-2233-43EA-982E-E97E555F4540}.Debug|Any CPU.ActiveCfg = Debug|Any CPU
		{7237A2B3-2233-43EA-982E-E97E555F4540}.Debug|Any CPU.Build.0 = Debug|Any CPU
		{7237A2B3-2233-43EA-982E-E97E555F4540}.Release|Any CPU.ActiveCfg = Release|Any CPU
		{7237A2B3-2233-43EA-982E-E97E555F4540}.Release|Any CPU.Build.0 = Release|Any CPU
		{5345F065-CB59-42C2-B9D0-38E903C107D8}.Debug|Any CPU.ActiveCfg = Debug|Any CPU
		{5345F065-CB59-42C2-B9D0-38E903C107D8}.Debug|Any CPU.Build.0 = Debug|Any CPU
		{5345F065-CB59-42C2-B9D0-38E903C107D8}.Release|Any CPU.ActiveCfg = Release|Any CPU
		{5345F065-CB59-42C2-B9D0-38E903C107D8}.Release|Any CPU.Build.0 = Release|Any CPU
		{F313525A-E407-450A-A7C6-697276099544}.Debug|Any CPU.ActiveCfg = Debug|Any CPU
		{F313525A-E407-450A-A7C6-697276099544}.Debug|Any CPU.Build.0 = Debug|Any CPU
		{F313525A-E407-450A-A7C6-697276099544}.Release|Any CPU.ActiveCfg = Release|Any CPU
		{F313525A-E407-450A-A7C6-697276099544}.Release|Any CPU.Build.0 = Release|Any CPU
		{2D41C7A2-CFB8-4848-AA7F-35AD6B259BD0}.Debug|Any CPU.ActiveCfg = Debug|Any CPU
		{2D41C7A2-CFB8-4848-AA7F-35AD6B259BD0}.Debug|Any CPU.Build.0 = Debug|Any CPU
		{2D41C7A2-CFB8-4848-AA7F-35AD6B259BD0}.Release|Any CPU.ActiveCfg = Release|Any CPU
		{2D41C7A2-CFB8-4848-AA7F-35AD6B259BD0}.Release|Any CPU.Build.0 = Release|Any CPU
	EndGlobalSection
	GlobalSection(SolutionProperties) = preSolution
		HideSolutionNode = FALSE
	EndGlobalSection
	GlobalSection(NestedProjects) = preSolution
		{BC845599-9683-431A-92DB-7A6B729E8614} = {F4142784-823C-4D23-876E-E9D3C9159D22}
		{AC2603AC-92EA-46E6-8974-3C16ECF06A22} = {F4142784-823C-4D23-876E-E9D3C9159D22}
		{DDB3EBB0-579D-44BC-A335-683D2B5B4F69} = {652B6229-007F-4173-A89A-7F6BB70ABBE1}
		{652B6229-007F-4173-A89A-7F6BB70ABBE1} = {4F3258A6-AB1F-43CC-892A-626CBA01BE42}
		{435C984E-F859-4C28-BE4C-15939A1AF38E} = {F8478D30-1C31-4966-8556-E91A6B3F3064}
		{7237A2B3-2233-43EA-982E-E97E555F4540} = {435C984E-F859-4C28-BE4C-15939A1AF38E}
		{5345F065-CB59-42C2-B9D0-38E903C107D8} = {945E62D1-DAA0-4E81-80C1-DA0A25C8999B}
		{F313525A-E407-450A-A7C6-697276099544} = {435C984E-F859-4C28-BE4C-15939A1AF38E}
		{4567FA5E-2A5E-4283-B59D-81526CB61D61} = {4F3258A6-AB1F-43CC-892A-626CBA01BE42}
		{2D41C7A2-CFB8-4848-AA7F-35AD6B259BD0} = {4567FA5E-2A5E-4283-B59D-81526CB61D61}
	EndGlobalSection
EndGlobal
